
Microsoft Visual Studio Solution File, Format Version 12.00
# Visual Studio Version 16
VisualStudioVersion = 16.0.30225.117
MinimumVisualStudioVersion = 10.0.40219.1
Project("{9A19103F-16F7-4668-BE54-9A1E7A4F7556}") = "MusicStore.Bootstrap", "MusicStore.Bootstrap\MusicStore.Bootstrap.csproj", "{A094BCEE-8320-429E-9604-27619563D9C2}"
EndProject
Project("{9A19103F-16F7-4668-BE54-9A1E7A4F7556}") = "MusicStore.Products", "MusicStore.Products\MusicStore.Products.csproj", "{FF5D9431-FF0A-4944-ABF3-A21648AB2D9B}"
EndProject
Project("{9A19103F-16F7-4668-BE54-9A1E7A4F7556}") = "MusicStore.Extensions", "MusicStore.Extensions\MusicStore.Extensions.csproj", "{AD78C4A7-504B-4B7D-84CC-44B6E901FE35}"
EndProject
Project("{9A19103F-16F7-4668-BE54-9A1E7A4F7556}") = "MusicStore.Enums", "MusicStore.Enums\MusicStore.Enums.csproj", "{E844C0E1-9A7D-4E71-9B4B-2C1288A212E4}"
EndProject
Project("{FAE04EC0-301F-11D3-BF4B-00C04F79EFBC}") = "MusicStore.ProductHandler", "MusicStore.ProductHandler\MusicStore.ProductHandler.csproj", "{448EBC3F-7974-455B-AF6D-A0141DC9954C}"
EndProject
Global
	GlobalSection(SolutionConfigurationPlatforms) = preSolution
		Debug|Any CPU = Debug|Any CPU
		Release|Any CPU = Release|Any CPU
	EndGlobalSection
	GlobalSection(ProjectConfigurationPlatforms) = postSolution
		{A094BCEE-8320-429E-9604-27619563D9C2}.Debug|Any CPU.ActiveCfg = Debug|Any CPU
		{A094BCEE-8320-429E-9604-27619563D9C2}.Debug|Any CPU.Build.0 = Debug|Any CPU
		{A094BCEE-8320-429E-9604-27619563D9C2}.Release|Any CPU.ActiveCfg = Release|Any CPU
		{A094BCEE-8320-429E-9604-27619563D9C2}.Release|Any CPU.Build.0 = Release|Any CPU
		{FF5D9431-FF0A-4944-ABF3-A21648AB2D9B}.Debug|Any CPU.ActiveCfg = Debug|Any CPU
		{FF5D9431-FF0A-4944-ABF3-A21648AB2D9B}.Debug|Any CPU.Build.0 = Debug|Any CPU
		{FF5D9431-FF0A-4944-ABF3-A21648AB2D9B}.Release|Any CPU.ActiveCfg = Release|Any CPU
		{FF5D9431-FF0A-4944-ABF3-A21648AB2D9B}.Release|Any CPU.Build.0 = Release|Any CPU
		{AD78C4A7-504B-4B7D-84CC-44B6E901FE35}.Debug|Any CPU.ActiveCfg = Debug|Any CPU
		{AD78C4A7-504B-4B7D-84CC-44B6E901FE35}.Debug|Any CPU.Build.0 = Debug|Any CPU
		{AD78C4A7-504B-4B7D-84CC-44B6E901FE35}.Release|Any CPU.ActiveCfg = Release|Any CPU
		{AD78C4A7-504B-4B7D-84CC-44B6E901FE35}.Release|Any CPU.Build.0 = Release|Any CPU
		{E844C0E1-9A7D-4E71-9B4B-2C1288A212E4}.Debug|Any CPU.ActiveCfg = Debug|Any CPU
		{E844C0E1-9A7D-4E71-9B4B-2C1288A212E4}.Debug|Any CPU.Build.0 = Debug|Any CPU
		{E844C0E1-9A7D-4E71-9B4B-2C1288A212E4}.Release|Any CPU.ActiveCfg = Release|Any CPU
		{E844C0E1-9A7D-4E71-9B4B-2C1288A212E4}.Release|Any CPU.Build.0 = Release|Any CPU
		{448EBC3F-7974-455B-AF6D-A0141DC9954C}.Debug|Any CPU.ActiveCfg = Debug|Any CPU
		{448EBC3F-7974-455B-AF6D-A0141DC9954C}.Debug|Any CPU.Build.0 = Debug|Any CPU
		{448EBC3F-7974-455B-AF6D-A0141DC9954C}.Release|Any CPU.ActiveCfg = Release|Any CPU
		{448EBC3F-7974-455B-AF6D-A0141DC9954C}.Release|Any CPU.Build.0 = Release|Any CPU
	EndGlobalSection
	GlobalSection(SolutionProperties) = preSolution
		HideSolutionNode = FALSE
	EndGlobalSection
	GlobalSection(ExtensibilityGlobals) = postSolution
		SolutionGuid = {7F2D622C-1895-4AA9-B5FD-F39341191994}
	EndGlobalSection
EndGlobal
